// !$*UTF8*$!
{
	archiveVersion = 1;
	classes = {
	};
	objectVersion = 48;
	objects = {

/* Begin PBXBuildFile section */
		9E54496A20107FA9005F3CB4 /* AppDelegate.swift in Sources */ = {isa = PBXBuildFile; fileRef = 9E54496920107FA9005F3CB4 /* AppDelegate.swift */; };
		9E54496C20107FA9005F3CB4 /* ViewController.swift in Sources */ = {isa = PBXBuildFile; fileRef = 9E54496B20107FA9005F3CB4 /* ViewController.swift */; };
		9E54496F20107FA9005F3CB4 /* Main.storyboard in Resources */ = {isa = PBXBuildFile; fileRef = 9E54496D20107FA9005F3CB4 /* Main.storyboard */; };
		9E54497220107FA9005F3CB4 /* ScrollImages.xcdatamodeld in Sources */ = {isa = PBXBuildFile; fileRef = 9E54497020107FA9005F3CB4 /* ScrollImages.xcdatamodeld */; };
		9E54497420107FA9005F3CB4 /* Assets.xcassets in Resources */ = {isa = PBXBuildFile; fileRef = 9E54497320107FA9005F3CB4 /* Assets.xcassets */; };
		9E54497720107FA9005F3CB4 /* LaunchScreen.storyboard in Resources */ = {isa = PBXBuildFile; fileRef = 9E54497520107FA9005F3CB4 /* LaunchScreen.storyboard */; };
		9E54498120107FCC005F3CB4 /* ScrollImages.swift in Sources */ = {isa = PBXBuildFile; fileRef = 9E54498020107FCC005F3CB4 /* ScrollImages.swift */; };
		9E54498320108656005F3CB4 /* UIView+Extension.swift in Sources */ = {isa = PBXBuildFile; fileRef = 9E54498220108656005F3CB4 /* UIView+Extension.swift */; };
/* End PBXBuildFile section */

/* Begin PBXFileReference section */
		9E54496620107FA9005F3CB4 /* ScrollImages.app */ = {isa = PBXFileReference; explicitFileType = wrapper.application; includeInIndex = 0; path = ScrollImages.app; sourceTree = BUILT_PRODUCTS_DIR; };
		9E54496920107FA9005F3CB4 /* AppDelegate.swift */ = {isa = PBXFileReference; lastKnownFileType = sourcecode.swift; path = AppDelegate.swift; sourceTree = "<group>"; };
		9E54496B20107FA9005F3CB4 /* ViewController.swift */ = {isa = PBXFileReference; lastKnownFileType = sourcecode.swift; path = ViewController.swift; sourceTree = "<group>"; };
		9E54496E20107FA9005F3CB4 /* Base */ = {isa = PBXFileReference; lastKnownFileType = file.storyboard; name = Base; path = Base.lproj/Main.storyboard; sourceTree = "<group>"; };
		9E54497120107FA9005F3CB4 /* ScrollImages.xcdatamodel */ = {isa = PBXFileReference; lastKnownFileType = wrapper.xcdatamodel; path = ScrollImages.xcdatamodel; sourceTree = "<group>"; };
		9E54497320107FA9005F3CB4 /* Assets.xcassets */ = {isa = PBXFileReference; lastKnownFileType = folder.assetcatalog; path = Assets.xcassets; sourceTree = "<group>"; };
		9E54497620107FA9005F3CB4 /* Base */ = {isa = PBXFileReference; lastKnownFileType = file.storyboard; name = Base; path = Base.lproj/LaunchScreen.storyboard; sourceTree = "<group>"; };
		9E54497820107FA9005F3CB4 /* Info.plist */ = {isa = PBXFileReference; lastKnownFileType = text.plist.xml; path = Info.plist; sourceTree = "<group>"; };
		9E54498020107FCC005F3CB4 /* ScrollImages.swift */ = {isa = PBXFileReference; lastKnownFileType = sourcecode.swift; path = ScrollImages.swift; sourceTree = "<group>"; };
		9E54498220108656005F3CB4 /* UIView+Extension.swift */ = {isa = PBXFileReference; fileEncoding = 4; lastKnownFileType = sourcecode.swift; path = "UIView+Extension.swift"; sourceTree = "<group>"; };
/* End PBXFileReference section */

/* Begin PBXFrameworksBuildPhase section */
		9E54496320107FA9005F3CB4 /* Frameworks */ = {
			isa = PBXFrameworksBuildPhase;
			buildActionMask = 2147483647;
			files = (
			);
			runOnlyForDeploymentPostprocessing = 0;
		};
/* End PBXFrameworksBuildPhase section */

/* Begin PBXGroup section */
		9E54495D20107FA8005F3CB4 = {
			isa = PBXGroup;
			children = (
				9E54497F20107FB7005F3CB4 /* Scroll */,
				9E54496820107FA9005F3CB4 /* ScrollImages */,
				9E54496720107FA9005F3CB4 /* Products */,
			);
			sourceTree = "<group>";
		};
		9E54496720107FA9005F3CB4 /* Products */ = {
			isa = PBXGroup;
			children = (
				9E54496620107FA9005F3CB4 /* ScrollImages.app */,
			);
			name = Products;
			sourceTree = "<group>";
		};
		9E54496820107FA9005F3CB4 /* ScrollImages */ = {
			isa = PBXGroup;
			children = (
				9E54496920107FA9005F3CB4 /* AppDelegate.swift */,
				9E54496B20107FA9005F3CB4 /* ViewController.swift */,
				9E54496D20107FA9005F3CB4 /* Main.storyboard */,
				9E54497320107FA9005F3CB4 /* Assets.xcassets */,
				9E54497520107FA9005F3CB4 /* LaunchScreen.storyboard */,
				9E54497820107FA9005F3CB4 /* Info.plist */,
				9E54497020107FA9005F3CB4 /* ScrollImages.xcdatamodeld */,
			);
			path = ScrollImages;
			sourceTree = "<group>";
		};
		9E54497F20107FB7005F3CB4 /* Scroll */ = {
			isa = PBXGroup;
			children = (
				9E54498020107FCC005F3CB4 /* ScrollImages.swift */,
				9E54498220108656005F3CB4 /* UIView+Extension.swift */,
			);
			path = Scroll;
			sourceTree = "<group>";
		};
/* End PBXGroup section */

/* Begin PBXNativeTarget section */
		9E54496520107FA9005F3CB4 /* ScrollImages */ = {
			isa = PBXNativeTarget;
			buildConfigurationList = 9E54497B20107FA9005F3CB4 /* Build configuration list for PBXNativeTarget "ScrollImages" */;
			buildPhases = (
				9E54496220107FA9005F3CB4 /* Sources */,
				9E54496320107FA9005F3CB4 /* Frameworks */,
				9E54496420107FA9005F3CB4 /* Resources */,
			);
			buildRules = (
			);
			dependencies = (
			);
			name = ScrollImages;
			productName = ScrollImages;
			productReference = 9E54496620107FA9005F3CB4 /* ScrollImages.app */;
			productType = "com.apple.product-type.application";
		};
/* End PBXNativeTarget section */

/* Begin PBXProject section */
		9E54495E20107FA8005F3CB4 /* Project object */ = {
			isa = PBXProject;
			attributes = {
				LastSwiftUpdateCheck = 0920;
				LastUpgradeCheck = 0920;
				ORGANIZATIONNAME = YuanGu;
				TargetAttributes = {
					9E54496520107FA9005F3CB4 = {
						CreatedOnToolsVersion = 9.2;
						ProvisioningStyle = Automatic;
					};
				};
			};
			buildConfigurationList = 9E54496120107FA8005F3CB4 /* Build configuration list for PBXProject "ScrollImages" */;
			compatibilityVersion = "Xcode 8.0";
			developmentRegion = en;
			hasScannedForEncodings = 0;
			knownRegions = (
				en,
				Base,
			);
			mainGroup = 9E54495D20107FA8005F3CB4;
			productRefGroup = 9E54496720107FA9005F3CB4 /* Products */;
			projectDirPath = "";
			projectRoot = "";
			targets = (
				9E54496520107FA9005F3CB4 /* ScrollImages */,
			);
		};
/* End PBXProject section */

/* Begin PBXResourcesBuildPhase section */
		9E54496420107FA9005F3CB4 /* Resources */ = {
			isa = PBXResourcesBuildPhase;
			buildActionMask = 2147483647;
			files = (
				9E54497720107FA9005F3CB4 /* LaunchScreen.storyboard in Resources */,
				9E54497420107FA9005F3CB4 /* Assets.xcassets in Resources */,
				9E54496F20107FA9005F3CB4 /* Main.storyboard in Resources */,
			);
			runOnlyForDeploymentPostprocessing = 0;
		};
/* End PBXResourcesBuildPhase section */

/* Begin PBXSourcesBuildPhase section */
		9E54496220107FA9005F3CB4 /* Sources */ = {
			isa = PBXSourcesBuildPhase;
			buildActionMask = 2147483647;
			files = (
				9E54496C20107FA9005F3CB4 /* ViewController.swift in Sources */,
				9E54497220107FA9005F3CB4 /* ScrollImages.xcdatamodeld in Sources */,
				9E54498120107FCC005F3CB4 /* ScrollImages.swift in Sources */,
				9E54498320108656005F3CB4 /* UIView+Extension.swift in Sources */,
				9E54496A20107FA9005F3CB4 /* AppDelegate.swift in Sources */,
			);
			runOnlyForDeploymentPostprocessing = 0;
		};
/* End PBXSourcesBuildPhase section */

/* Begin PBXVariantGroup section */
		9E54496D20107FA9005F3CB4 /* Main.storyboard */ = {
			isa = PBXVariantGroup;
			children = (
				9E54496E20107FA9005F3CB4 /* Base */,
			);
			name = Main.storyboard;
			sourceTree = "<group>";
		};
		9E54497520107FA9005F3CB4 /* LaunchScreen.storyboard */ = {
			isa = PBXVariantGroup;
			children = (
				9E54497620107FA9005F3CB4 /* Base */,
			);
			name = LaunchScreen.storyboard;
			sourceTree = "<group>";
		};
/* End PBXVariantGroup section */

/* Begin XCBuildConfiguration section */
		9E54497920107FA9005F3CB4 /* Debug */ = {
			isa = XCBuildConfiguration;
			buildSettings = {
				ALWAYS_SEARCH_USER_PATHS = NO;
				CLANG_ANALYZER_NONNULL = YES;
				CLANG_ANALYZER_NUMBER_OBJECT_CONVERSION = YES_AGGRESSIVE;
				CLANG_CXX_LANGUAGE_STANDARD = "gnu++14";
				CLANG_CXX_LIBRARY = "libc++";
				CLANG_ENABLE_MODULES = YES;
				CLANG_ENABLE_OBJC_ARC = YES;
				CLANG_WARN_BLOCK_CAPTURE_AUTORELEASING = YES;
				CLANG_WARN_BOOL_CONVERSION = YES;
				CLANG_WARN_COMMA = YES;
				CLANG_WARN_CONSTANT_CONVERSION = YES;
				CLANG_WARN_DIRECT_OBJC_ISA_USAGE = YES_ERROR;
				CLANG_WARN_DOCUMENTATION_COMMENTS = YES;
				CLANG_WARN_EMPTY_BODY = YES;
				CLANG_WARN_ENUM_CONVERSION = YES;
				CLANG_WARN_INFINITE_RECURSION = YES;
				CLANG_WARN_INT_CONVERSION = YES;
				CLANG_WARN_NON_LITERAL_NULL_CONVERSION = YES;
				CLANG_WARN_OBJC_LITERAL_CONVERSION = YES;
				CLANG_WARN_OBJC_ROOT_CLASS = YES_ERROR;
				CLANG_WARN_RANGE_LOOP_ANALYSIS = YES;
				CLANG_WARN_STRICT_PROTOTYPES = YES;
				CLANG_WARN_SUSPICIOUS_MOVE = YES;
				CLANG_WARN_UNGUARDED_AVAILABILITY = YES_AGGRESSIVE;
				CLANG_WARN_UNREACHABLE_CODE = YES;
				CLANG_WARN__DUPLICATE_METHOD_MATCH = YES;
				CODE_SIGN_IDENTITY = "iPhone Developer";
				COPY_PHASE_STRIP = NO;
				DEBUG_INFORMATION_FORMAT = dwarf;
				ENABLE_STRICT_OBJC_MSGSEND = YES;
				ENABLE_TESTABILITY = YES;
				GCC_C_LANGUAGE_STANDARD = gnu11;
				GCC_DYNAMIC_NO_PIC = NO;
				GCC_NO_COMMON_BLOCKS = YES;
				GCC_OPTIMIZATION_LEVEL = 0;
				GCC_PREPROCESSOR_DEFINITIONS = (
					"DEBUG=1",
					"$(inherited)",
				);
				GCC_WARN_64_TO_32_BIT_CONVERSION = YES;
				GCC_WARN_ABOUT_RETURN_TYPE = YES_ERROR;
				GCC_WARN_UNDECLARED_SELECTOR = YES;
				GCC_WARN_UNINITIALIZED_AUTOS = YES_AGGRESSIVE;
				GCC_WARN_UNUSED_FUNCTION = YES;
				GCC_WARN_UNUSED_VARIABLE = YES;
				IPHONEOS_DEPLOYMENT_TARGET = 11.2;
				MTL_ENABLE_DEBUG_INFO = YES;
				ONLY_ACTIVE_ARCH = YES;
				SDKROOT = iphoneos;
				SWIFT_ACTIVE_COMPILATION_CONDITIONS = DEBUG;
				SWIFT_OPTIMIZATION_LEVEL = "-Onone";
			};
			name = Debug;
		};
		9E54497A20107FA9005F3CB4 /* Release */ = {
			isa = XCBuildConfiguration;
			buildSettings = {
				ALWAYS_SEARCH_USER_PATHS = NO;
				CLANG_ANALYZER_NONNULL = YES;
				CLANG_ANALYZER_NUMBER_OBJECT_CONVERSION = YES_AGGRESSIVE;
				CLANG_CXX_LANGUAGE_STANDARD = "gnu++14";
				CLANG_CXX_LIBRARY = "libc++";
				CLANG_ENABLE_MODULES = YES;
				CLANG_ENABLE_OBJC_ARC = YES;
				CLANG_WARN_BLOCK_CAPTURE_AUTORELEASING = YES;
				CLANG_WARN_BOOL_CONVERSION = YES;
				CLANG_WARN_COMMA = YES;
				CLANG_WARN_CONSTANT_CONVERSION = YES;
				CLANG_WARN_DIRECT_OBJC_ISA_USAGE = YES_ERROR;
				CLANG_WARN_DOCUMENTATION_COMMENTS = YES;
				CLANG_WARN_EMPTY_BODY = YES;
				CLANG_WARN_ENUM_CONVERSION = YES;
				CLANG_WARN_INFINITE_RECURSION = YES;
				CLANG_WARN_INT_CONVERSION = YES;
				CLANG_WARN_NON_LITERAL_NULL_CONVERSION = YES;
				CLANG_WARN_OBJC_LITERAL_CONVERSION = YES;
				CLANG_WARN_OBJC_ROOT_CLASS = YES_ERROR;
				CLANG_WARN_RANGE_LOOP_ANALYSIS = YES;
				CLANG_WARN_STRICT_PROTOTYPES = YES;
				CLANG_WARN_SUSPICIOUS_MOVE = YES;
				CLANG_WARN_UNGUARDED_AVAILABILITY = YES_AGGRESSIVE;
				CLANG_WARN_UNREACHABLE_CODE = YES;
				CLANG_WARN__DUPLICATE_METHOD_MATCH = YES;
				CODE_SIGN_IDENTITY = "iPhone Developer";
				COPY_PHASE_STRIP = NO;
				DEBUG_INFORMATION_FORMAT = "dwarf-with-dsym";
				ENABLE_NS_ASSERTIONS = NO;
				ENABLE_STRICT_OBJC_MSGSEND = YES;
				GCC_C_LANGUAGE_STANDARD = gnu11;
				GCC_NO_COMMON_BLOCKS = YES;
				GCC_WARN_64_TO_32_BIT_CONVERSION = YES;
				GCC_WARN_ABOUT_RETURN_TYPE = YES_ERROR;
				GCC_WARN_UNDECLARED_SELECTOR = YES;
				GCC_WARN_UNINITIALIZED_AUTOS = YES_AGGRESSIVE;
				GCC_WARN_UNUSED_FUNCTION = YES;
				GCC_WARN_UNUSED_VARIABLE = YES;
				IPHONEOS_DEPLOYMENT_TARGET = 11.2;
				MTL_ENABLE_DEBUG_INFO = NO;
				SDKROOT = iphoneos;
				SWIFT_OPTIMIZATION_LEVEL = "-Owholemodule";
				VALIDATE_PRODUCT = YES;
			};
			name = Release;
		};
		9E54497C20107FA9005F3CB4 /* Debug */ = {
			isa = XCBuildConfiguration;
			buildSettings = {
				ASSETCATALOG_COMPILER_APPICON_NAME = AppIcon;
				CODE_SIGN_STYLE = Automatic;
				INFOPLIST_FILE = ScrollImages/Info.plist;
				LD_RUNPATH_SEARCH_PATHS = "$(inherited) @executable_path/Frameworks";
				PRODUCT_BUNDLE_IDENTIFIER = cz.ScrollImages;
				PRODUCT_NAME = "$(TARGET_NAME)";
				SWIFT_VERSION = 4.0;
				TARGETED_DEVICE_FAMILY = "1,2";
			};
			name = Debug;
		};
		9E54497D20107FA9005F3CB4 /* Release */ = {
			isa = XCBuildConfiguration;
			buildSettings = {
				ASSETCATALOG_COMPILER_APPICON_NAME = AppIcon;
				CODE_SIGN_STYLE = Automatic;
				INFOPLIST_FILE = ScrollImages/Info.plist;
				LD_RUNPATH_SEARCH_PATHS = "$(inherited) @executable_path/Frameworks";
				PRODUCT_BUNDLE_IDENTIFIER = cz.ScrollImages;
				PRODUCT_NAME = "$(TARGET_NAME)";
				SWIFT_VERSION = 4.0;
				TARGETED_DEVICE_FAMILY = "1,2";
			};
			name = Release;
		};
/* End XCBuildConfiguration section */

/* Begin XCConfigurationList section */
		9E54496120107FA8005F3CB4 /* Build configuration list for PBXProject "ScrollImages" */ = {
			isa = XCConfigurationList;
			buildConfigurations = (
				9E54497920107FA9005F3CB4 /* Debug */,
				9E54497A20107FA9005F3CB4 /* Release */,
			);
			defaultConfigurationIsVisible = 0;
			defaultConfigurationName = Release;
		};
		9E54497B20107FA9005F3CB4 /* Build configuration list for PBXNativeTarget "ScrollImages" */ = {
			isa = XCConfigurationList;
			buildConfigurations = (
				9E54497C20107FA9005F3CB4 /* Debug */,
				9E54497D20107FA9005F3CB4 /* Release */,
			);
			defaultConfigurationIsVisible = 0;
			defaultConfigurationName = Release;
		};
/* End XCConfigurationList section */

/* Begin XCVersionGroup section */
		9E54497020107FA9005F3CB4 /* ScrollImages.xcdatamodeld */ = {
			isa = XCVersionGroup;
			children = (
				9E54497120107FA9005F3CB4 /* ScrollImages.xcdatamodel */,
			);
			currentVersion = 9E54497120107FA9005F3CB4 /* ScrollImages.xcdatamodel */;
			path = ScrollImages.xcdatamodeld;
			sourceTree = "<group>";
			versionGroupType = wrapper.xcdatamodel;
		};
/* End XCVersionGroup section */
	};
	rootObject = 9E54495E20107FA8005F3CB4 /* Project object */;
}
